
Microsoft Visual Studio Solution File, Format Version 12.00
# Visual Studio Version 17
VisualStudioVersion = 17.0.32014.148
MinimumVisualStudioVersion = 10.0.40219.1
Project("{9A19103F-16F7-4668-BE54-9A1E7A4F7556}") = "Notipet.Web", "Notipet.Web\Notipet.Web.csproj", "{4ACD0755-2024-4532-B6EC-CB3AB9CF2DC7}"
EndProject
Project("{9A19103F-16F7-4668-BE54-9A1E7A4F7556}") = "Notipet.Domain", "Notipet.Domain\Notipet.Domain.csproj", "{8C4A0929-4659-459A-B41E-C22208D54F6A}"
EndProject
Project("{9A19103F-16F7-4668-BE54-9A1E7A4F7556}") = "Notipet.Data", "Notipet.Data\Notipet.Data.csproj", "{D68F9DB7-7ED0-4342-B375-6300DC04C6E4}"
EndProject
Project("{2150E333-8FDC-42A3-9474-1A3956D46DE8}") = "Solution Items", "Solution Items", "{289DCCB0-FDF8-4A1D-BBC4-C3086E157C64}"
	ProjectSection(SolutionItems) = preProject
		.editorconfig = .editorconfig
	EndProjectSection
EndProject
Project("{9A19103F-16F7-4668-BE54-9A1E7A4F7556}") = "Notipet.Test", "Notipet.Test\Notipet.Test.csproj", "{74CB18DE-2241-42AE-80E8-9069137BD19F}"
EndProject
Project("{FAE04EC0-301F-11D3-BF4B-00C04F79EFBC}") = "Utilities", "Utilities\Utilities.csproj", "{179CF357-6D81-48BA-8E40-23E7359302D8}"
EndProject
Global
	GlobalSection(SolutionConfigurationPlatforms) = preSolution
		Debug|Any CPU = Debug|Any CPU
		Release|Any CPU = Release|Any CPU
	EndGlobalSection
	GlobalSection(ProjectConfigurationPlatforms) = postSolution
		{4ACD0755-2024-4532-B6EC-CB3AB9CF2DC7}.Debug|Any CPU.ActiveCfg = Debug|Any CPU
		{4ACD0755-2024-4532-B6EC-CB3AB9CF2DC7}.Debug|Any CPU.Build.0 = Debug|Any CPU
		{4ACD0755-2024-4532-B6EC-CB3AB9CF2DC7}.Release|Any CPU.ActiveCfg = Release|Any CPU
		{4ACD0755-2024-4532-B6EC-CB3AB9CF2DC7}.Release|Any CPU.Build.0 = Release|Any CPU
		{8C4A0929-4659-459A-B41E-C22208D54F6A}.Debug|Any CPU.ActiveCfg = Debug|Any CPU
		{8C4A0929-4659-459A-B41E-C22208D54F6A}.Debug|Any CPU.Build.0 = Debug|Any CPU
		{8C4A0929-4659-459A-B41E-C22208D54F6A}.Release|Any CPU.ActiveCfg = Release|Any CPU
		{8C4A0929-4659-459A-B41E-C22208D54F6A}.Release|Any CPU.Build.0 = Release|Any CPU
		{D68F9DB7-7ED0-4342-B375-6300DC04C6E4}.Debug|Any CPU.ActiveCfg = Debug|Any CPU
		{D68F9DB7-7ED0-4342-B375-6300DC04C6E4}.Debug|Any CPU.Build.0 = Debug|Any CPU
		{D68F9DB7-7ED0-4342-B375-6300DC04C6E4}.Release|Any CPU.ActiveCfg = Release|Any CPU
		{D68F9DB7-7ED0-4342-B375-6300DC04C6E4}.Release|Any CPU.Build.0 = Release|Any CPU
		{74CB18DE-2241-42AE-80E8-9069137BD19F}.Debug|Any CPU.ActiveCfg = Debug|Any CPU
		{74CB18DE-2241-42AE-80E8-9069137BD19F}.Debug|Any CPU.Build.0 = Debug|Any CPU
		{74CB18DE-2241-42AE-80E8-9069137BD19F}.Release|Any CPU.ActiveCfg = Release|Any CPU
		{74CB18DE-2241-42AE-80E8-9069137BD19F}.Release|Any CPU.Build.0 = Release|Any CPU
		{179CF357-6D81-48BA-8E40-23E7359302D8}.Debug|Any CPU.ActiveCfg = Debug|Any CPU
		{179CF357-6D81-48BA-8E40-23E7359302D8}.Debug|Any CPU.Build.0 = Debug|Any CPU
		{179CF357-6D81-48BA-8E40-23E7359302D8}.Release|Any CPU.ActiveCfg = Release|Any CPU
		{179CF357-6D81-48BA-8E40-23E7359302D8}.Release|Any CPU.Build.0 = Release|Any CPU
	EndGlobalSection
	GlobalSection(SolutionProperties) = preSolution
		HideSolutionNode = FALSE
	EndGlobalSection
	GlobalSection(ExtensibilityGlobals) = postSolution
		SolutionGuid = {8BEDA33D-C166-485E-B268-379D094E09D1}
	EndGlobalSection
EndGlobal
